// !$*UTF8*$!
{
	archiveVersion = 1;
	classes = {
	};
	objectVersion = 56;
	objects = {

/* Begin PBXBuildFile section */
		D79A10032A3DE69C00C48A42 /* AppDelegate.swift in Sources */ = {isa = PBXBuildFile; fileRef = D79A10022A3DE69C00C48A42 /* AppDelegate.swift */; };
		D79A10052A3DE69C00C48A42 /* SceneDelegate.swift in Sources */ = {isa = PBXBuildFile; fileRef = D79A10042A3DE69C00C48A42 /* SceneDelegate.swift */; };
		D79A10072A3DE69C00C48A42 /* HomeViewController.swift in Sources */ = {isa = PBXBuildFile; fileRef = D79A10062A3DE69C00C48A42 /* HomeViewController.swift */; };
		D79A100C2A3DE69D00C48A42 /* Assets.xcassets in Resources */ = {isa = PBXBuildFile; fileRef = D79A100B2A3DE69D00C48A42 /* Assets.xcassets */; };
		D79A100F2A3DE69D00C48A42 /* LaunchScreen.storyboard in Resources */ = {isa = PBXBuildFile; fileRef = D79A100D2A3DE69D00C48A42 /* LaunchScreen.storyboard */; };
		D79A10182A3DE9B500C48A42 /* SearchViewController.swift in Sources */ = {isa = PBXBuildFile; fileRef = D79A10172A3DE9B500C48A42 /* SearchViewController.swift */; };
		D79A101A2A3DE9D800C48A42 /* AddViewController.swift in Sources */ = {isa = PBXBuildFile; fileRef = D79A10192A3DE9D800C48A42 /* AddViewController.swift */; };
		D79A101D2A3DEC6D00C48A42 /* SnapKit in Frameworks */ = {isa = PBXBuildFile; productRef = D79A101C2A3DEC6D00C48A42 /* SnapKit */; };
		D79A101F2A3DF48800C48A42 /* FoodTableViewCell.swift in Sources */ = {isa = PBXBuildFile; fileRef = D79A101E2A3DF48800C48A42 /* FoodTableViewCell.swift */; };
		D79A10222A3DF72800C48A42 /* InfoViewController.swift in Sources */ = {isa = PBXBuildFile; fileRef = D79A10212A3DF72800C48A42 /* InfoViewController.swift */; };
		D79A10242A3DF73C00C48A42 /* Food.swift in Sources */ = {isa = PBXBuildFile; fileRef = D79A10232A3DF73C00C48A42 /* Food.swift */; };
/* End PBXBuildFile section */

/* Begin PBXFileReference section */
		D79A0FFF2A3DE69C00C48A42 /* homework8.app */ = {isa = PBXFileReference; explicitFileType = wrapper.application; includeInIndex = 0; path = homework8.app; sourceTree = BUILT_PRODUCTS_DIR; };
		D79A10022A3DE69C00C48A42 /* AppDelegate.swift */ = {isa = PBXFileReference; lastKnownFileType = sourcecode.swift; path = AppDelegate.swift; sourceTree = "<group>"; };
		D79A10042A3DE69C00C48A42 /* SceneDelegate.swift */ = {isa = PBXFileReference; lastKnownFileType = sourcecode.swift; path = SceneDelegate.swift; sourceTree = "<group>"; };
		D79A10062A3DE69C00C48A42 /* HomeViewController.swift */ = {isa = PBXFileReference; lastKnownFileType = sourcecode.swift; path = HomeViewController.swift; sourceTree = "<group>"; };
		D79A100B2A3DE69D00C48A42 /* Assets.xcassets */ = {isa = PBXFileReference; lastKnownFileType = folder.assetcatalog; path = Assets.xcassets; sourceTree = "<group>"; };
		D79A100E2A3DE69D00C48A42 /* Base */ = {isa = PBXFileReference; lastKnownFileType = file.storyboard; name = Base; path = Base.lproj/LaunchScreen.storyboard; sourceTree = "<group>"; };
		D79A10102A3DE69D00C48A42 /* Info.plist */ = {isa = PBXFileReference; lastKnownFileType = text.plist.xml; path = Info.plist; sourceTree = "<group>"; };
		D79A10172A3DE9B500C48A42 /* SearchViewController.swift */ = {isa = PBXFileReference; lastKnownFileType = sourcecode.swift; path = SearchViewController.swift; sourceTree = "<group>"; };
		D79A10192A3DE9D800C48A42 /* AddViewController.swift */ = {isa = PBXFileReference; lastKnownFileType = sourcecode.swift; path = AddViewController.swift; sourceTree = "<group>"; };
		D79A101E2A3DF48800C48A42 /* FoodTableViewCell.swift */ = {isa = PBXFileReference; lastKnownFileType = sourcecode.swift; path = FoodTableViewCell.swift; sourceTree = "<group>"; };
		D79A10212A3DF72800C48A42 /* InfoViewController.swift */ = {isa = PBXFileReference; lastKnownFileType = sourcecode.swift; path = InfoViewController.swift; sourceTree = "<group>"; };
		D79A10232A3DF73C00C48A42 /* Food.swift */ = {isa = PBXFileReference; lastKnownFileType = sourcecode.swift; path = Food.swift; sourceTree = "<group>"; };
/* End PBXFileReference section */

/* Begin PBXFrameworksBuildPhase section */
		D79A0FFC2A3DE69C00C48A42 /* Frameworks */ = {
			isa = PBXFrameworksBuildPhase;
			buildActionMask = 2147483647;
			files = (
				D79A101D2A3DEC6D00C48A42 /* SnapKit in Frameworks */,
			);
			runOnlyForDeploymentPostprocessing = 0;
		};
/* End PBXFrameworksBuildPhase section */

/* Begin PBXGroup section */
		D79A0FF62A3DE69C00C48A42 = {
			isa = PBXGroup;
			children = (
				D79A10012A3DE69C00C48A42 /* homework8 */,
				D79A10002A3DE69C00C48A42 /* Products */,
			);
			sourceTree = "<group>";
		};
		D79A10002A3DE69C00C48A42 /* Products */ = {
			isa = PBXGroup;
			children = (
				D79A0FFF2A3DE69C00C48A42 /* homework8.app */,
			);
			name = Products;
			sourceTree = "<group>";
		};
		D79A10012A3DE69C00C48A42 /* homework8 */ = {
			isa = PBXGroup;
			children = (
				D79A10252A3DF74300C48A42 /* Model */,
				D79A10162A3DE97800C48A42 /* Controller */,
				D79A10022A3DE69C00C48A42 /* AppDelegate.swift */,
				D79A10042A3DE69C00C48A42 /* SceneDelegate.swift */,
				D79A100B2A3DE69D00C48A42 /* Assets.xcassets */,
				D79A100D2A3DE69D00C48A42 /* LaunchScreen.storyboard */,
				D79A10102A3DE69D00C48A42 /* Info.plist */,
			);
			path = homework8;
			sourceTree = "<group>";
		};
		D79A10162A3DE97800C48A42 /* Controller */ = {
			isa = PBXGroup;
			children = (
				D79A10202A3DF48A00C48A42 /* Cell */,
				D79A10062A3DE69C00C48A42 /* HomeViewController.swift */,
				D79A10172A3DE9B500C48A42 /* SearchViewController.swift */,
				D79A10192A3DE9D800C48A42 /* AddViewController.swift */,
				D79A10212A3DF72800C48A42 /* InfoViewController.swift */,
			);
			path = Controller;
			sourceTree = "<group>";
		};
		D79A10202A3DF48A00C48A42 /* Cell */ = {
			isa = PBXGroup;
			children = (
				D79A101E2A3DF48800C48A42 /* FoodTableViewCell.swift */,
			);
			path = Cell;
			sourceTree = "<group>";
		};
		D79A10252A3DF74300C48A42 /* Model */ = {
			isa = PBXGroup;
			children = (
				D79A10232A3DF73C00C48A42 /* Food.swift */,
			);
			path = Model;
			sourceTree = "<group>";
		};
/* End PBXGroup section */

/* Begin PBXNativeTarget section */
		D79A0FFE2A3DE69C00C48A42 /* homework8 */ = {
			isa = PBXNativeTarget;
			buildConfigurationList = D79A10132A3DE69D00C48A42 /* Build configuration list for PBXNativeTarget "homework8" */;
			buildPhases = (
				D79A0FFB2A3DE69C00C48A42 /* Sources */,
				D79A0FFC2A3DE69C00C48A42 /* Frameworks */,
				D79A0FFD2A3DE69C00C48A42 /* Resources */,
			);
			buildRules = (
			);
			dependencies = (
			);
			name = homework8;
			packageProductDependencies = (
				D79A101C2A3DEC6D00C48A42 /* SnapKit */,
			);
			productName = homework8;
			productReference = D79A0FFF2A3DE69C00C48A42 /* homework8.app */;
			productType = "com.apple.product-type.application";
		};
/* End PBXNativeTarget section */

/* Begin PBXProject section */
		D79A0FF72A3DE69C00C48A42 /* Project object */ = {
			isa = PBXProject;
			attributes = {
				BuildIndependentTargetsInParallel = 1;
				LastSwiftUpdateCheck = 1430;
				LastUpgradeCheck = 1430;
				TargetAttributes = {
					D79A0FFE2A3DE69C00C48A42 = {
						CreatedOnToolsVersion = 14.3.1;
					};
				};
			};
			buildConfigurationList = D79A0FFA2A3DE69C00C48A42 /* Build configuration list for PBXProject "homework8" */;
			compatibilityVersion = "Xcode 14.0";
			developmentRegion = en;
			hasScannedForEncodings = 0;
			knownRegions = (
				en,
				Base,
			);
			mainGroup = D79A0FF62A3DE69C00C48A42;
			packageReferences = (
				D79A101B2A3DEC6D00C48A42 /* XCRemoteSwiftPackageReference "SnapKit" */,
			);
			productRefGroup = D79A10002A3DE69C00C48A42 /* Products */;
			projectDirPath = "";
			projectRoot = "";
			targets = (
				D79A0FFE2A3DE69C00C48A42 /* homework8 */,
			);
		};
/* End PBXProject section */

/* Begin PBXResourcesBuildPhase section */
		D79A0FFD2A3DE69C00C48A42 /* Resources */ = {
			isa = PBXResourcesBuildPhase;
			buildActionMask = 2147483647;
			files = (
				D79A100F2A3DE69D00C48A42 /* LaunchScreen.storyboard in Resources */,
				D79A100C2A3DE69D00C48A42 /* Assets.xcassets in Resources */,
			);
			runOnlyForDeploymentPostprocessing = 0;
		};
/* End PBXResourcesBuildPhase section */

/* Begin PBXSourcesBuildPhase section */
		D79A0FFB2A3DE69C00C48A42 /* Sources */ = {
			isa = PBXSourcesBuildPhase;
			buildActionMask = 2147483647;
			files = (
				D79A101A2A3DE9D800C48A42 /* AddViewController.swift in Sources */,
				D79A10072A3DE69C00C48A42 /* HomeViewController.swift in Sources */,
				D79A10032A3DE69C00C48A42 /* AppDelegate.swift in Sources */,
				D79A10222A3DF72800C48A42 /* InfoViewController.swift in Sources */,
				D79A10182A3DE9B500C48A42 /* SearchViewController.swift in Sources */,
				D79A10052A3DE69C00C48A42 /* SceneDelegate.swift in Sources */,
				D79A101F2A3DF48800C48A42 /* FoodTableViewCell.swift in Sources */,
				D79A10242A3DF73C00C48A42 /* Food.swift in Sources */,
			);
			runOnlyForDeploymentPostprocessing = 0;
		};
/* End PBXSourcesBuildPhase section */

/* Begin PBXVariantGroup section */
		D79A100D2A3DE69D00C48A42 /* LaunchScreen.storyboard */ = {
			isa = PBXVariantGroup;
			children = (
				D79A100E2A3DE69D00C48A42 /* Base */,
			);
			name = LaunchScreen.storyboard;
			sourceTree = "<group>";
		};
/* End PBXVariantGroup section */

/* Begin XCBuildConfiguration section */
		D79A10112A3DE69D00C48A42 /* Debug */ = {
			isa = XCBuildConfiguration;
			buildSettings = {
				ALWAYS_SEARCH_USER_PATHS = NO;
				CLANG_ANALYZER_NONNULL = YES;
				CLANG_ANALYZER_NUMBER_OBJECT_CONVERSION = YES_AGGRESSIVE;
				CLANG_CXX_LANGUAGE_STANDARD = "gnu++20";
				CLANG_ENABLE_MODULES = YES;
				CLANG_ENABLE_OBJC_ARC = YES;
				CLANG_ENABLE_OBJC_WEAK = YES;
				CLANG_WARN_BLOCK_CAPTURE_AUTORELEASING = YES;
				CLANG_WARN_BOOL_CONVERSION = YES;
				CLANG_WARN_COMMA = YES;
				CLANG_WARN_CONSTANT_CONVERSION = YES;
				CLANG_WARN_DEPRECATED_OBJC_IMPLEMENTATIONS = YES;
				CLANG_WARN_DIRECT_OBJC_ISA_USAGE = YES_ERROR;
				CLANG_WARN_DOCUMENTATION_COMMENTS = YES;
				CLANG_WARN_EMPTY_BODY = YES;
				CLANG_WARN_ENUM_CONVERSION = YES;
				CLANG_WARN_INFINITE_RECURSION = YES;
				CLANG_WARN_INT_CONVERSION = YES;
				CLANG_WARN_NON_LITERAL_NULL_CONVERSION = YES;
				CLANG_WARN_OBJC_IMPLICIT_RETAIN_SELF = YES;
				CLANG_WARN_OBJC_LITERAL_CONVERSION = YES;
				CLANG_WARN_OBJC_ROOT_CLASS = YES_ERROR;
				CLANG_WARN_QUOTED_INCLUDE_IN_FRAMEWORK_HEADER = YES;
				CLANG_WARN_RANGE_LOOP_ANALYSIS = YES;
				CLANG_WARN_STRICT_PROTOTYPES = YES;
				CLANG_WARN_SUSPICIOUS_MOVE = YES;
				CLANG_WARN_UNGUARDED_AVAILABILITY = YES_AGGRESSIVE;
				CLANG_WARN_UNREACHABLE_CODE = YES;
				CLANG_WARN__DUPLICATE_METHOD_MATCH = YES;
				COPY_PHASE_STRIP = NO;
				DEBUG_INFORMATION_FORMAT = dwarf;
				ENABLE_STRICT_OBJC_MSGSEND = YES;
				ENABLE_TESTABILITY = YES;
				GCC_C_LANGUAGE_STANDARD = gnu11;
				GCC_DYNAMIC_NO_PIC = NO;
				GCC_NO_COMMON_BLOCKS = YES;
				GCC_OPTIMIZATION_LEVEL = 0;
				GCC_PREPROCESSOR_DEFINITIONS = (
					"DEBUG=1",
					"$(inherited)",
				);
				GCC_WARN_64_TO_32_BIT_CONVERSION = YES;
				GCC_WARN_ABOUT_RETURN_TYPE = YES_ERROR;
				GCC_WARN_UNDECLARED_SELECTOR = YES;
				GCC_WARN_UNINITIALIZED_AUTOS = YES_AGGRESSIVE;
				GCC_WARN_UNUSED_FUNCTION = YES;
				GCC_WARN_UNUSED_VARIABLE = YES;
				IPHONEOS_DEPLOYMENT_TARGET = 16.4;
				MTL_ENABLE_DEBUG_INFO = INCLUDE_SOURCE;
				MTL_FAST_MATH = YES;
				ONLY_ACTIVE_ARCH = YES;
				SDKROOT = iphoneos;
				SWIFT_ACTIVE_COMPILATION_CONDITIONS = DEBUG;
				SWIFT_OPTIMIZATION_LEVEL = "-Onone";
			};
			name = Debug;
		};
		D79A10122A3DE69D00C48A42 /* Release */ = {
			isa = XCBuildConfiguration;
			buildSettings = {
				ALWAYS_SEARCH_USER_PATHS = NO;
				CLANG_ANALYZER_NONNULL = YES;
				CLANG_ANALYZER_NUMBER_OBJECT_CONVERSION = YES_AGGRESSIVE;
				CLANG_CXX_LANGUAGE_STANDARD = "gnu++20";
				CLANG_ENABLE_MODULES = YES;
				CLANG_ENABLE_OBJC_ARC = YES;
				CLANG_ENABLE_OBJC_WEAK = YES;
				CLANG_WARN_BLOCK_CAPTURE_AUTORELEASING = YES;
				CLANG_WARN_BOOL_CONVERSION = YES;
				CLANG_WARN_COMMA = YES;
				CLANG_WARN_CONSTANT_CONVERSION = YES;
				CLANG_WARN_DEPRECATED_OBJC_IMPLEMENTATIONS = YES;
				CLANG_WARN_DIRECT_OBJC_ISA_USAGE = YES_ERROR;
				CLANG_WARN_DOCUMENTATION_COMMENTS = YES;
				CLANG_WARN_EMPTY_BODY = YES;
				CLANG_WARN_ENUM_CONVERSION = YES;
				CLANG_WARN_INFINITE_RECURSION = YES;
				CLANG_WARN_INT_CONVERSION = YES;
				CLANG_WARN_NON_LITERAL_NULL_CONVERSION = YES;
				CLANG_WARN_OBJC_IMPLICIT_RETAIN_SELF = YES;
				CLANG_WARN_OBJC_LITERAL_CONVERSION = YES;
				CLANG_WARN_OBJC_ROOT_CLASS = YES_ERROR;
				CLANG_WARN_QUOTED_INCLUDE_IN_FRAMEWORK_HEADER = YES;
				CLANG_WARN_RANGE_LOOP_ANALYSIS = YES;
				CLANG_WARN_STRICT_PROTOTYPES = YES;
				CLANG_WARN_SUSPICIOUS_MOVE = YES;
				CLANG_WARN_UNGUARDED_AVAILABILITY = YES_AGGRESSIVE;
				CLANG_WARN_UNREACHABLE_CODE = YES;
				CLANG_WARN__DUPLICATE_METHOD_MATCH = YES;
				COPY_PHASE_STRIP = NO;
				DEBUG_INFORMATION_FORMAT = "dwarf-with-dsym";
				ENABLE_NS_ASSERTIONS = NO;
				ENABLE_STRICT_OBJC_MSGSEND = YES;
				GCC_C_LANGUAGE_STANDARD = gnu11;
				GCC_NO_COMMON_BLOCKS = YES;
				GCC_WARN_64_TO_32_BIT_CONVERSION = YES;
				GCC_WARN_ABOUT_RETURN_TYPE = YES_ERROR;
				GCC_WARN_UNDECLARED_SELECTOR = YES;
				GCC_WARN_UNINITIALIZED_AUTOS = YES_AGGRESSIVE;
				GCC_WARN_UNUSED_FUNCTION = YES;
				GCC_WARN_UNUSED_VARIABLE = YES;
				IPHONEOS_DEPLOYMENT_TARGET = 16.4;
				MTL_ENABLE_DEBUG_INFO = NO;
				MTL_FAST_MATH = YES;
				SDKROOT = iphoneos;
				SWIFT_COMPILATION_MODE = wholemodule;
				SWIFT_OPTIMIZATION_LEVEL = "-O";
				VALIDATE_PRODUCT = YES;
			};
			name = Release;
		};
		D79A10142A3DE69D00C48A42 /* Debug */ = {
			isa = XCBuildConfiguration;
			buildSettings = {
				ASSETCATALOG_COMPILER_APPICON_NAME = AppIcon;
				ASSETCATALOG_COMPILER_GLOBAL_ACCENT_COLOR_NAME = AccentColor;
				CODE_SIGN_STYLE = Automatic;
				CURRENT_PROJECT_VERSION = 1;
				GENERATE_INFOPLIST_FILE = YES;
				INFOPLIST_FILE = homework8/Info.plist;
				INFOPLIST_KEY_UIApplicationSupportsIndirectInputEvents = YES;
				INFOPLIST_KEY_UILaunchStoryboardName = LaunchScreen;
				INFOPLIST_KEY_UISupportedInterfaceOrientations_iPad = "UIInterfaceOrientationPortrait UIInterfaceOrientationPortraitUpsideDown UIInterfaceOrientationLandscapeLeft UIInterfaceOrientationLandscapeRight";
				INFOPLIST_KEY_UISupportedInterfaceOrientations_iPhone = "UIInterfaceOrientationPortrait UIInterfaceOrientationLandscapeLeft UIInterfaceOrientationLandscapeRight";
				LD_RUNPATH_SEARCH_PATHS = (
					"$(inherited)",
					"@executable_path/Frameworks",
				);
				MARKETING_VERSION = 1.0;
				PRODUCT_BUNDLE_IDENTIFIER = com.Sevara.homework8;
				PRODUCT_NAME = "$(TARGET_NAME)";
				SWIFT_EMIT_LOC_STRINGS = YES;
				SWIFT_VERSION = 5.0;
				TARGETED_DEVICE_FAMILY = "1,2";
			};
			name = Debug;
		};
		D79A10152A3DE69D00C48A42 /* Release */ = {
			isa = XCBuildConfiguration;
			buildSettings = {
				ASSETCATALOG_COMPILER_APPICON_NAME = AppIcon;
				ASSETCATALOG_COMPILER_GLOBAL_ACCENT_COLOR_NAME = AccentColor;
				CODE_SIGN_STYLE = Automatic;
				CURRENT_PROJECT_VERSION = 1;
				GENERATE_INFOPLIST_FILE = YES;
				INFOPLIST_FILE = homework8/Info.plist;
				INFOPLIST_KEY_UIApplicationSupportsIndirectInputEvents = YES;
				INFOPLIST_KEY_UILaunchStoryboardName = LaunchScreen;
				INFOPLIST_KEY_UISupportedInterfaceOrientations_iPad = "UIInterfaceOrientationPortrait UIInterfaceOrientationPortraitUpsideDown UIInterfaceOrientationLandscapeLeft UIInterfaceOrientationLandscapeRight";
				INFOPLIST_KEY_UISupportedInterfaceOrientations_iPhone = "UIInterfaceOrientationPortrait UIInterfaceOrientationLandscapeLeft UIInterfaceOrientationLandscapeRight";
				LD_RUNPATH_SEARCH_PATHS = (
					"$(inherited)",
					"@executable_path/Frameworks",
				);
				MARKETING_VERSION = 1.0;
				PRODUCT_BUNDLE_IDENTIFIER = com.Sevara.homework8;
				PRODUCT_NAME = "$(TARGET_NAME)";
				SWIFT_EMIT_LOC_STRINGS = YES;
				SWIFT_VERSION = 5.0;
				TARGETED_DEVICE_FAMILY = "1,2";
			};
			name = Release;
		};
/* End XCBuildConfiguration section */

/* Begin XCConfigurationList section */
		D79A0FFA2A3DE69C00C48A42 /* Build configuration list for PBXProject "homework8" */ = {
			isa = XCConfigurationList;
			buildConfigurations = (
				D79A10112A3DE69D00C48A42 /* Debug */,
				D79A10122A3DE69D00C48A42 /* Release */,
			);
			defaultConfigurationIsVisible = 0;
			defaultConfigurationName = Release;
		};
		D79A10132A3DE69D00C48A42 /* Build configuration list for PBXNativeTarget "homework8" */ = {
			isa = XCConfigurationList;
			buildConfigurations = (
				D79A10142A3DE69D00C48A42 /* Debug */,
				D79A10152A3DE69D00C48A42 /* Release */,
			);
			defaultConfigurationIsVisible = 0;
			defaultConfigurationName = Release;
		};
/* End XCConfigurationList section */

/* Begin XCRemoteSwiftPackageReference section */
		D79A101B2A3DEC6D00C48A42 /* XCRemoteSwiftPackageReference "SnapKit" */ = {
			isa = XCRemoteSwiftPackageReference;
			repositoryURL = "https://github.com/SnapKit/SnapKit.git";
			requirement = {
				kind = upToNextMajorVersion;
				minimumVersion = 5.0.0;
			};
		};
/* End XCRemoteSwiftPackageReference section */

/* Begin XCSwiftPackageProductDependency section */
		D79A101C2A3DEC6D00C48A42 /* SnapKit */ = {
			isa = XCSwiftPackageProductDependency;
			package = D79A101B2A3DEC6D00C48A42 /* XCRemoteSwiftPackageReference "SnapKit" */;
			productName = SnapKit;
		};
/* End XCSwiftPackageProductDependency section */
	};
	rootObject = D79A0FF72A3DE69C00C48A42 /* Project object */;
}
